<?xml version="1.0" encoding="utf-8"?>
<Project ToolsVersion="4.0" xmlns="http://schemas.microsoft.com/developer/msbuild/2003">
  <ItemGroup>
    <Filter Include="Main">
      <UniqueIdentifier>{4FC737F1-C7A5-4376-A066-2A32D752A2FF}</UniqueIdentifier>
      <Extensions>cpp;c;cc;cxx;def;odl;idl;hpj;bat;asm;asmx</Extensions>
    </Filter>
    <Filter Include="Game Modules">
      <UniqueIdentifier>{15b5cbc6-cd68-4e6e-8935-b04f2fdf7bf4}</UniqueIdentifier>
    </Filter>
    <Filter Include="Core Modules">
      <UniqueIdentifier>{72b85efa-930b-4213-a8ec-2f0f817410d1}</UniqueIdentifier>
    </Filter>
    <Filter Include="Utils">
      <UniqueIdentifier>{ad89cf24-f35e-4d0c-90e5-820c054c274d}</UniqueIdentifier>
    </Filter>
    <Filter Include="Utils\IMGUI">
      <UniqueIdentifier>{afa5a197-0162-4d3b-b374-4b7fdfbcda75}</UniqueIdentifier>
    </Filter>
    <Filter Include="GameObject">
      <UniqueIdentifier>{c29da112-57d4-40f2-a719-596aa46c287b}</UniqueIdentifier>
    </Filter>
    <Filter Include="Primitives">
      <UniqueIdentifier>{0ec5c406-2f61-43ea-af01-a467e365bead}</UniqueIdentifier>
    </Filter>
    <Filter Include="GameObject\Components">
      <UniqueIdentifier>{68192a36-02bc-4de9-9e93-6dc57eeecade}</UniqueIdentifier>
    </Filter>
  </ItemGroup>
  <ItemGroup>
    <ClInclude Include="ModuleRender.h">
      <Filter>Core Modules</Filter>
    </ClInclude>
    <ClInclude Include="ModuleTextures.h">
      <Filter>Core Modules</Filter>
    </ClInclude>
    <ClInclude Include="ModuleWindow.h">
      <Filter>Core Modules</Filter>
    </ClInclude>
    <ClInclude Include="Module.h">
      <Filter>Core Modules</Filter>
    </ClInclude>
    <ClInclude Include="Globals.h">
      <Filter>Main</Filter>
    </ClInclude>
    <ClInclude Include="ModuleAudio.h">
      <Filter>Core Modules</Filter>
    </ClInclude>
    <ClInclude Include="Point.h">
      <Filter>Utils</Filter>
    </ClInclude>
    <ClInclude Include="ModuleInput.h">
      <Filter>Core Modules</Filter>
    </ClInclude>
    <ClInclude Include="MemLeaks.h">
      <Filter>Utils</Filter>
    </ClInclude>
    <ClInclude Include="ModuleParticles.h">
      <Filter>Core Modules</Filter>
    </ClInclude>
    <ClInclude Include="ModuleCollision.h">
      <Filter>Core Modules</Filter>
    </ClInclude>
    <ClInclude Include="Notifiable.h">
      <Filter>Utils</Filter>
    </ClInclude>
    <ClInclude Include="Engine.h">
      <Filter>Main</Filter>
    </ClInclude>
    <ClInclude Include="ModuleSceneManager.h">
      <Filter>Core Modules</Filter>
    </ClInclude>
    <ClInclude Include="Scene.h">
      <Filter>Game Modules</Filter>
    </ClInclude>
    <ClInclude Include="Entity.h">
      <Filter>Game Modules</Filter>
    </ClInclude>
    <ClInclude Include="BaseFactory.h">
      <Filter>Utils</Filter>
    </ClInclude>
    <ClInclude Include="Point3.h">
      <Filter>Utils</Filter>
    </ClInclude>
    <ClInclude Include="Sprite.h">
      <Filter>Utils</Filter>
    </ClInclude>
    <ClInclude Include="Rectangle3.h">
      <Filter>Utils</Filter>
    </ClInclude>
    <ClInclude Include="ModuleTimer.h">
      <Filter>Core Modules</Filter>
    </ClInclude>
    <ClInclude Include="parson.h">
      <Filter>Utils</Filter>
    </ClInclude>
    <ClInclude Include="SimpleTimer.h">
      <Filter>Utils</Filter>
    </ClInclude>
    <ClInclude Include="ComplexTimer.h">
      <Filter>Utils</Filter>
    </ClInclude>
    <ClInclude Include="Primitive.h">
      <Filter>Primitives</Filter>
    </ClInclude>
    <ClInclude Include="Cube.h">
      <Filter>Primitives</Filter>
    </ClInclude>
    <ClInclude Include="Plane.h">
      <Filter>Primitives</Filter>
    </ClInclude>
    <ClInclude Include="Sphere.h">
      <Filter>Primitives</Filter>
    </ClInclude>
    <ClInclude Include="Cylinder.h">
      <Filter>Primitives</Filter>
    </ClInclude>
    <ClInclude Include="ModuleEditorCamera.h">
      <Filter>Core Modules</Filter>
    </ClInclude>
    <ClInclude Include="CoordinateArrows.h">
      <Filter>Primitives</Filter>
    </ClInclude>
    <ClInclude Include="Model.h">
      <Filter>Primitives</Filter>
    </ClInclude>
    <ClInclude Include="IMGUI\imgui_internal.h">
      <Filter>Utils\IMGUI</Filter>
    </ClInclude>
    <ClInclude Include="IMGUI\stb_rect_pack.h">
      <Filter>Utils\IMGUI</Filter>
    </ClInclude>
    <ClInclude Include="IMGUI\stb_textedit.h">
      <Filter>Utils\IMGUI</Filter>
    </ClInclude>
    <ClInclude Include="IMGUI\stb_truetype.h">
      <Filter>Utils\IMGUI</Filter>
    </ClInclude>
    <ClInclude Include="IMGUI\imconfig.h">
      <Filter>Utils\IMGUI</Filter>
    </ClInclude>
    <ClInclude Include="IMGUI\imgui.h">
      <Filter>Utils\IMGUI</Filter>
    </ClInclude>
    <ClInclude Include="ModuleEditor.h">
      <Filter>Core Modules</Filter>
    </ClInclude>
    <ClInclude Include="IMGUI\imgui_impl_sdl_gl3.h">
      <Filter>Utils\IMGUI</Filter>
    </ClInclude>
    <ClInclude Include="ModuleLighting.h">
      <Filter>Core Modules</Filter>
    </ClInclude>
    <ClInclude Include="Level.h">
      <Filter>Primitives</Filter>
    </ClInclude>
    <ClInclude Include="BaseComponent.h">
      <Filter>GameObject\Components</Filter>
    </ClInclude>
    <ClInclude Include="GameObject.h">
      <Filter>GameObject</Filter>
    </ClInclude>
    <ClInclude Include="TransformComponent.h">
      <Filter>GameObject\Components</Filter>
    </ClInclude>
    <ClInclude Include="MeshComponent.h">
      <Filter>GameObject\Components</Filter>
    </ClInclude>
    <ClInclude Include="MaterialComponent.h">
      <Filter>GameObject\Components</Filter>
    </ClInclude>
    <ClInclude Include="ModuleSettings.h">
      <Filter>Core Modules</Filter>
    </ClInclude>
    <ClInclude Include="CameraComponent.h">
      <Filter>GameObject\Components</Filter>
    </ClInclude>
    <ClInclude Include="ModuleAnimation.h">
      <Filter>Core Modules</Filter>
    </ClInclude>
    <ClInclude Include="AnimationSDL.h">
      <Filter>Utils</Filter>
    </ClInclude>
  </ItemGroup>
  <ItemGroup>
    <ClCompile Include="ModuleRender.cpp">
      <Filter>Core Modules</Filter>
    </ClCompile>
    <ClCompile Include="ModuleTextures.cpp">
      <Filter>Core Modules</Filter>
    </ClCompile>
    <ClCompile Include="ModuleWindow.cpp">
      <Filter>Core Modules</Filter>
    </ClCompile>
    <ClCompile Include="ModuleAudio.cpp">
      <Filter>Core Modules</Filter>
    </ClCompile>
    <ClCompile Include="Log.cpp">
      <Filter>Utils</Filter>
    </ClCompile>
    <ClCompile Include="ModuleInput.cpp">
      <Filter>Core Modules</Filter>
    </ClCompile>
    <ClCompile Include="ModuleParticles.cpp">
      <Filter>Core Modules</Filter>
    </ClCompile>
    <ClCompile Include="ModuleCollision.cpp">
      <Filter>Core Modules</Filter>
    </ClCompile>
    <ClCompile Include="Engine.cpp">
      <Filter>Main</Filter>
    </ClCompile>
    <ClCompile Include="ModuleSceneManager.cpp">
      <Filter>Core Modules</Filter>
    </ClCompile>
    <ClCompile Include="ModuleTimer.cpp">
      <Filter>Core Modules</Filter>
    </ClCompile>
    <ClCompile Include="parson.c">
      <Filter>Utils</Filter>
    </ClCompile>
    <ClCompile Include="Cube.cpp">
      <Filter>Primitives</Filter>
    </ClCompile>
    <ClCompile Include="Plane.cpp">
      <Filter>Primitives</Filter>
    </ClCompile>
    <ClCompile Include="Sphere.cpp">
      <Filter>Primitives</Filter>
    </ClCompile>
    <ClCompile Include="Cylinder.cpp">
      <Filter>Primitives</Filter>
    </ClCompile>
    <ClCompile Include="ModuleEditorCamera.cpp">
      <Filter>Core Modules</Filter>
    </ClCompile>
    <ClCompile Include="CoordinateArrows.cpp">
      <Filter>Primitives</Filter>
    </ClCompile>
    <ClCompile Include="IMGUI\imgui_draw.cpp">
      <Filter>Utils\IMGUI</Filter>
    </ClCompile>
    <ClCompile Include="IMGUI\imgui.cpp">
      <Filter>Utils\IMGUI</Filter>
    </ClCompile>
    <ClCompile Include="ModuleEditor.cpp">
      <Filter>Core Modules</Filter>
    </ClCompile>
    <ClCompile Include="IMGUI\imgui_impl_sdl_gl3.cpp">
      <Filter>Utils\IMGUI</Filter>
    </ClCompile>
    <ClCompile Include="Model.cpp">
      <Filter>Primitives</Filter>
    </ClCompile>
    <ClCompile Include="ModuleLighting.cpp">
      <Filter>Core Modules</Filter>
    </ClCompile>
    <ClCompile Include="Level.cpp">
      <Filter>Primitives</Filter>
    </ClCompile>
    <ClCompile Include="GameObject.cpp">
      <Filter>GameObject</Filter>
    </ClCompile>
    <ClCompile Include="TransformComponent.cpp">
      <Filter>GameObject\Components</Filter>
    </ClCompile>
    <ClCompile Include="MeshComponent.cpp">
      <Filter>GameObject\Components</Filter>
    </ClCompile>
    <ClCompile Include="MaterialComponent.cpp">
      <Filter>GameObject\Components</Filter>
    </ClCompile>
    <ClCompile Include="ModuleSettings.cpp">
      <Filter>Core Modules</Filter>
    </ClCompile>
    <ClCompile Include="CameraComponent.cpp">
      <Filter>GameObject\Components</Filter>
    </ClCompile>
    <ClCompile Include="ModuleAnimation.cpp">
      <Filter>Core Modules</Filter>
    </ClCompile>
  </ItemGroup>
</Project>